
Microsoft Visual Studio Solution File, Format Version 12.00
# Visual Studio Version 17
VisualStudioVersion = 17.14.36429.23 d17.14
MinimumVisualStudioVersion = 10.0.40219.1
Project("{FAE04EC0-301F-11D3-BF4B-00C04F79EFBC}") = "ConsoleApp4", "ConsoleApp4\ConsoleApp4.csproj", "{DD85B58B-8A49-47FB-A166-9F29BDA5AD71}"
EndProject
Global
	GlobalSection(SolutionConfigurationPlatforms) = preSolution
		Debug|Any CPU = Debug|Any CPU
		Release|Any CPU = Release|Any CPU
	EndGlobalSection
	GlobalSection(ProjectConfigurationPlatforms) = postSolution
		{DD85B58B-8A49-47FB-A166-9F29BDA5AD71}.Debug|Any CPU.ActiveCfg = Debug|Any CPU
		{DD85B58B-8A49-47FB-A166-9F29BDA5AD71}.Debug|Any CPU.Build.0 = Debug|Any CPU
		{DD85B58B-8A49-47FB-A166-9F29BDA5AD71}.Release|Any CPU.ActiveCfg = Release|Any CPU
		{DD85B58B-8A49-47FB-A166-9F29BDA5AD71}.Release|Any CPU.Build.0 = Release|Any CPU
	EndGlobalSection
	GlobalSection(SolutionProperties) = preSolution
		HideSolutionNode = FALSE
	EndGlobalSection
	GlobalSection(ExtensibilityGlobals) = postSolution
		SolutionGuid = {4EFA16C4-F4CA-42B4-9CF6-E522EC7C1056}
	EndGlobalSection
EndGlobal
